{
    "_readme": [
        "This file locks the dependencies of your project to a known state",
        "Read more about it at https://getcomposer.org/doc/01-basic-usage.md#installing-dependencies",
        "This file is @generated automatically"
    ],
    "content-hash": "df7e242a015708cf79af618b591125db",
    "packages": [
        {
            "name": "backdrop-dev/customize",
            "version": "v1.0.0",
            "source": {
                "type": "git",
                "url": "https://github.com/backdrop-dev/customize.git",
                "reference": "ed65efe1449411293b9e12d5738a33bd3009eb07"
            },
            "dist": {
                "type": "zip",
                "url": "https://api.github.com/repos/backdrop-dev/customize/zipball/ed65efe1449411293b9e12d5738a33bd3009eb07",
                "reference": "ed65efe1449411293b9e12d5738a33bd3009eb07",
                "shasum": ""
            },
            "require": {
                "backdrop-dev/framework": "^1.0",
                "php": ">=7.1"
            },
            "type": "library",
            "autoload": {
                "psr-4": {
                    "Backdrop\\Customize\\": "src/"
                }
            },
            "notification-url": "https://packagist.org/downloads/",
            "license": [
                "GPL-2.0-or-later"
            ],
            "authors": [
                {
                    "name": "Benjamin Lu",
                    "email": "benlumia007@gmail.com",
                    "homepage": "https://benjlu.com",
                    "role": "Developer"
                }
            ],
            "description": "Additional ClassicPress and WordPress theme customizer for Backdrop framework.",
            "homepage": "https://github.com/backdrop-dev/customize",
            "keywords": [
                "classicpress",
                "wordpress"
            ],
            "support": {
                "issues": "https://github.com/backdrop-dev/customize/issues",
                "source": "https://github.com/backdrop-dev/customize/tree/v1.0.0"
            },
            "time": "2023-06-11T16:18:31+00:00"
        },
        {
            "name": "backdrop-dev/fonts",
            "version": "v1.0.1",
            "source": {
                "type": "git",
                "url": "https://github.com/backdrop-dev/fonts.git",
                "reference": "8f0b1f18fb4bbe99dc27e8fbdf5ab8bac9654a93"
            },
            "dist": {
                "type": "zip",
                "url": "https://api.github.com/repos/backdrop-dev/fonts/zipball/8f0b1f18fb4bbe99dc27e8fbdf5ab8bac9654a93",
                "reference": "8f0b1f18fb4bbe99dc27e8fbdf5ab8bac9654a93",
                "shasum": ""
            },
            "require": {
                "php": ">=7.1"
            },
            "type": "library",
            "autoload": {
                "psr-4": {
                    "Backdrop\\Fonts\\": "src/"
                }
            },
            "notification-url": "https://packagist.org/downloads/",
            "license": [
                "GPL-2.0-or-later"
            ],
            "authors": [
                {
                    "name": "Benjamin Lu",
                    "email": "benlumia007@gmail.com",
                    "homepage": "https://benjlu.com",
                    "role": "Developer"
                }
            ],
            "description": "Helper functions for loading Google Fonts locally.",
            "homepage": "https://github.com/backdrop-dev/fonts",
            "keywords": [
                "classicpress",
                "wordpress"
            ],
            "support": {
                "issues": "https://github.com/backdrop-dev/fonts/issues",
                "source": "https://github.com/backdrop-dev/fonts/tree/v1.0.1"
            },
            "time": "2023-06-18T16:14:11+00:00"
        },
        {
            "name": "backdrop-dev/framework",
            "version": "v1.0.0",
            "source": {
                "type": "git",
                "url": "https://github.com/backdrop-dev/framework.git",
                "reference": "3e9b07d55713d10f1295d8abedb0e88051c44966"
            },
            "dist": {
                "type": "zip",
                "url": "https://api.github.com/repos/backdrop-dev/framework/zipball/3e9b07d55713d10f1295d8abedb0e88051c44966",
                "reference": "3e9b07d55713d10f1295d8abedb0e88051c44966",
                "shasum": ""
            },
            "require": {
                "php": ">=7.1"
            },
            "type": "library",
            "autoload": {
                "files": [
                    "src/functions-helpers.php"
                ],
                "psr-4": {
                    "Backdrop\\": "src/"
                }
            },
            "notification-url": "https://packagist.org/downloads/",
            "license": [
                "GPL-2.0-or-later"
            ],
            "authors": [
                {
                    "name": "Benjamin Lu",
                    "email": "benlumia007@gmail.com",
                    "homepage": "https://benjlu.com",
                    "role": "Developer"
                }
            ],
            "description": "Backdrop Framework: A framework for developing ClassicPress and WordPress themes and plugins.",
            "homepage": "https://benjlu.com/project/backdrop-dev",
            "keywords": [
                "classicpress",
                "wordpress"
            ],
            "support": {
                "issues": "https://github.com/backdrop-dev/framework/issues",
                "source": "https://github.com/backdrop-dev/framework/tree/v1.0.0"
            },
            "time": "2023-06-11T16:13:29+00:00"
        },
        {
            "name": "backdrop-dev/mix",
            "version": "v1.0.0",
            "source": {
                "type": "git",
                "url": "https://github.com/backdrop-dev/mix.git",
                "reference": "cf8120285e500607b2d98e6c49bdb40dfded27db"
            },
            "dist": {
                "type": "zip",
                "url": "https://api.github.com/repos/backdrop-dev/mix/zipball/cf8120285e500607b2d98e6c49bdb40dfded27db",
                "reference": "cf8120285e500607b2d98e6c49bdb40dfded27db",
                "shasum": ""
            },
            "require": {
                "backdrop-dev/framework": "^1.0",
                "php": ">=7.1"
            },
            "type": "library",
            "autoload": {
                "files": [
                    "src/functions-helpers.php"
                ],
                "psr-4": {
                    "Backdrop\\Mix\\": "src/"
                }
            },
            "notification-url": "https://packagist.org/downloads/",
            "license": [
                "GPL-2.0-or-later"
            ],
            "authors": [
                {
                    "name": "Benjamin Lu",
                    "email": "benlumia007@gmail.com",
                    "homepage": "https://benjlu.com",
                    "role": "Developer"
                }
            ],
            "description": "Backdrop Mix is a helper class for ClassicPress or WordPress plugins themes and plugins using Laravel Mix.",
            "homepage": "https://github.com/backdrop-dev/mix",
            "keywords": [
                "classicpress",
                "wordpress"
            ],
            "support": {
                "issues": "https://github.com/backdrop-dev/mix/issues",
                "source": "https://github.com/backdrop-dev/mix/tree/v1.0.0"
            },
            "time": "2023-06-11T18:19:55+00:00"
        },
        {
            "name": "backdrop-dev/template-helpers",
            "version": "v1.0.0",
            "source": {
                "type": "git",
                "url": "https://github.com/backdrop-dev/template-helpers.git",
                "reference": "9b3b65bb088276a4fd4fe51ac53afd559b581cb9"
            },
            "dist": {
                "type": "zip",
                "url": "https://api.github.com/repos/backdrop-dev/template-helpers/zipball/9b3b65bb088276a4fd4fe51ac53afd559b581cb9",
                "reference": "9b3b65bb088276a4fd4fe51ac53afd559b581cb9",
                "shasum": ""
            },
            "require": {
                "php": ">=7.1"
            },
            "type": "library",
            "autoload": {
                "files": [
                    "src/functions-helpers.php"
                ],
                "psr-4": {
                    "Backdrop\\Template\\Helpers\\": "src/"
                }
            },
            "notification-url": "https://packagist.org/downloads/",
            "license": [
                "GPL-2.0-or-later"
            ],
            "authors": [
                {
                    "name": "Benjamin Lu",
                    "email": "benlumia007@gmail.com",
                    "homepage": "https://benjlu.com",
                    "role": "Developer"
                }
            ],
            "description": "Backdrop Template Helpers is set a helper functions for setting the path, locations, and filtering templates.",
            "homepage": "https://github.com/backdrop-dev/template-helpers",
            "keywords": [
                "classicpress",
                "wordpress"
            ],
            "support": {
                "issues": "https://github.com/backdrop-dev/template-helpers/issues",
                "source": "https://github.com/backdrop-dev/template-helpers/tree/v1.0.0"
            },
            "time": "2023-06-11T17:02:35+00:00"
        },
        {
            "name": "backdrop-dev/template-hierarchy",
            "version": "v1.0.0",
            "source": {
                "type": "git",
                "url": "https://github.com/backdrop-dev/template-hierarchy.git",
                "reference": "77b1e112e1f256a1172e782a697d972ef3ced538"
            },
            "dist": {
                "type": "zip",
                "url": "https://api.github.com/repos/backdrop-dev/template-hierarchy/zipball/77b1e112e1f256a1172e782a697d972ef3ced538",
                "reference": "77b1e112e1f256a1172e782a697d972ef3ced538",
                "shasum": ""
            },
            "require": {
                "backdrop-dev/framework": "^1.0",
                "backdrop-dev/template-helpers": "^1.0",
                "php": ">=7.1"
            },
            "type": "library",
            "autoload": {
                "files": [
                    "src/functions-helpers.php"
                ],
                "psr-4": {
                    "Backdrop\\Template\\Hierarchy\\": "src/"
                }
            },
            "notification-url": "https://packagist.org/downloads/",
            "license": [
                "GPL-2.0-or-later"
            ],
            "authors": [
                {
                    "name": "Benjamin Lu",
                    "email": "benlumia007@gmail.com",
                    "homepage": "https://benjlu.com",
                    "role": "Developer"
                }
            ],
            "description": "A smarter and flexible template hierarchy.",
            "homepage": "https://github.com/backdrop-dev/template-hierarchy",
            "keywords": [
                "classicpress",
                "wordpress"
            ],
            "support": {
                "issues": "https://github.com/backdrop-dev/template-hierarchy/issues",
                "source": "https://github.com/backdrop-dev/template-hierarchy/tree/v1.0.0"
            },
            "time": "2023-06-11T17:13:54+00:00"
        },
        {
            "name": "backdrop-dev/template-manager",
            "version": "v1.0.0",
            "source": {
                "type": "git",
                "url": "https://github.com/backdrop-dev/template-manager.git",
                "reference": "0bba48d882425ed208f8fb9318cbd82c678fcbe1"
            },
            "dist": {
                "type": "zip",
                "url": "https://api.github.com/repos/backdrop-dev/template-manager/zipball/0bba48d882425ed208f8fb9318cbd82c678fcbe1",
                "reference": "0bba48d882425ed208f8fb9318cbd82c678fcbe1",
                "shasum": ""
            },
            "require": {
                "backdrop-dev/framework": "^1.0",
                "backdrop-dev/template-helpers": "^1.0",
                "backdrop-dev/tools": "^1.0",
                "php": ">=7.1"
            },
            "type": "library",
            "autoload": {
                "psr-4": {
                    "Backdrop\\Template\\Manager\\": "src/"
                }
            },
            "notification-url": "https://packagist.org/downloads/",
            "license": [
                "GPL-2.0-or-later"
            ],
            "authors": [
                {
                    "name": "Benjamin Lu",
                    "email": "benlumia007@gmail.com",
                    "homepage": "https://benjlu.com",
                    "role": "Developer"
                }
            ],
            "description": "Custom templates for registering custom post templates, it works for any object type (e.g., post, term, user, etc.), but does not add any UI elements of its own.",
            "homepage": "https://github.com/benlumia007/backdrop-template-manager",
            "keywords": [
                "wordpress"
            ],
            "support": {
                "issues": "https://github.com/backdrop-dev/template-manager/issues",
                "source": "https://github.com/backdrop-dev/template-manager/tree/v1.0.0"
            },
            "time": "2023-06-11T17:32:29+00:00"
        },
        {
            "name": "backdrop-dev/theme",
            "version": "v1.0.0",
            "source": {
                "type": "git",
                "url": "https://github.com/backdrop-dev/theme.git",
                "reference": "46edbe5a67f8d1b91891b97c878e30bf32ff1231"
            },
            "dist": {
                "type": "zip",
                "url": "https://api.github.com/repos/backdrop-dev/theme/zipball/46edbe5a67f8d1b91891b97c878e30bf32ff1231",
                "reference": "46edbe5a67f8d1b91891b97c878e30bf32ff1231",
                "shasum": ""
            },
            "require": {
                "backdrop-dev/framework": "^1.0",
                "php": ">=7.1"
            },
            "type": "library",
            "autoload": {
                "files": [
                    "src/Entry/functions-entry.php",
                    "src/Site/functions-site.php",
                    "src/functions-filters.php",
                    "src/functions-helpers.php"
                ],
                "psr-4": {
                    "Backdrop\\Theme\\": "src/"
                }
            },
            "notification-url": "https://packagist.org/downloads/",
            "license": [
                "GPL-2.0-or-later"
            ],
            "authors": [
                {
                    "name": "Benjamin Lu",
                    "email": "benlumia007@gmail.com",
                    "homepage": "https://benjlu.com",
                    "role": "Developer"
                }
            ],
            "description": "Backdrop Theme is a collection of helper functions and filters to aid in theme development.",
            "homepage": "https://github.com/backdrop-dev/theme",
            "keywords": [
                "classicpress",
                "wordpress"
            ],
            "support": {
                "issues": "https://github.com/backdrop-dev/theme/issues",
                "source": "https://github.com/backdrop-dev/theme/tree/v1.0.0"
            },
            "time": "2023-06-11T17:45:59+00:00"
        },
        {
            "name": "backdrop-dev/tools",
            "version": "v1.0.0",
            "source": {
                "type": "git",
                "url": "https://github.com/backdrop-dev/tools.git",
                "reference": "87952fa45742aa302ff2f9180eb39f6b2ae29a46"
            },
            "dist": {
                "type": "zip",
                "url": "https://api.github.com/repos/backdrop-dev/tools/zipball/87952fa45742aa302ff2f9180eb39f6b2ae29a46",
                "reference": "87952fa45742aa302ff2f9180eb39f6b2ae29a46",
                "shasum": ""
            },
            "require": {
                "php": ">=7.1"
            },
            "type": "library",
            "autoload": {
                "psr-4": {
                    "Backdrop\\Tools\\": "src/"
                }
            },
            "notification-url": "https://packagist.org/downloads/",
            "license": [
                "GPL-2.0-or-later"
            ],
            "authors": [
                {
                    "name": "Benjamin Lu",
                    "email": "benlumia007@gmail.com",
                    "homepage": "https://benjlu.com",
                    "role": "Developer"
                }
            ],
            "description": "Backdrop Tools is a collection of helper classes and functions for developing themes and plugins.",
            "homepage": "https://github.com/backdrop-dev/tools",
            "keywords": [
                "classicpress",
                "wordpress"
            ],
            "support": {
                "issues": "https://github.com/backdrop-dev/tools/issues",
                "source": "https://github.com/backdrop-dev/tools/tree/v1.0.0"
            },
            "time": "2023-06-11T17:28:39+00:00"
        },
        {
            "name": "backdrop-dev/view",
            "version": "v1.0.0",
            "source": {
                "type": "git",
                "url": "https://github.com/backdrop-dev/view.git",
                "reference": "df2fe0d1f4c16a051fc63b73e744c764bebd85c4"
            },
            "dist": {
                "type": "zip",
                "url": "https://api.github.com/repos/backdrop-dev/view/zipball/df2fe0d1f4c16a051fc63b73e744c764bebd85c4",
                "reference": "df2fe0d1f4c16a051fc63b73e744c764bebd85c4",
                "shasum": ""
            },
            "require": {
                "backdrop-dev/framework": "^1.0",
                "backdrop-dev/template-helpers": "^1.0",
                "backdrop-dev/tools": "^1.0",
                "php": ">=7.1"
            },
            "type": "library",
            "autoload": {
                "files": [
                    "src/functions-helpers.php"
                ],
                "psr-4": {
                    "Backdrop\\View\\": "src/"
                }
            },
            "notification-url": "https://packagist.org/downloads/",
            "license": [
                "GPL-2.0-or-later"
            ],
            "authors": [
                {
                    "name": "Benjamin Lu",
                    "email": "benlumia007@gmail.com",
                    "homepage": "https://benjlu.com",
                    "role": "Developer"
                }
            ],
            "description": "System for setting up and rendering theme template files. Views are a bit like a suped-up version of the core WordPress get_template_part() function.",
            "homepage": "https://github.com/backdrop-dev/view",
            "keywords": [
                "classicpress",
                "wordpress"
            ],
            "support": {
                "issues": "https://github.com/backdrop-dev/view/issues",
                "source": "https://github.com/backdrop-dev/view/tree/v1.0.0"
            },
            "time": "2023-06-11T17:41:30+00:00"
        }
    ],
    "packages-dev": [],
    "aliases": [],
    "minimum-stability": "dev",
    "stability-flags": [],
    "prefer-stable": true,
    "prefer-lowest": false,
    "platform": {
        "php": ">=7.1"
    },
    "platform-dev": [],
    "plugin-api-version": "2.2.0"
}
